# This file is generated by running "yarn install" inside your project.
# Manual changes might be lost - proceed with caution!

__metadata:
  version: 5
  cacheKey: 8

"aws-sdk@npm:^2.1028.0":
  version: 2.1028.0
  resolution: "aws-sdk@npm:2.1028.0"
  dependencies:
    buffer: 4.9.2
    events: 1.1.1
    ieee754: 1.1.13
    jmespath: 0.15.0
    querystring: 0.2.0
    sax: 1.2.1
    url: 0.10.3
    uuid: 3.3.2
    xml2js: 0.4.19
  checksum: e31010d77508c786b5a1cacad0cde1bd188d3e705ae5988113db112bc535a4b54965c5fa477d3794022a5e6f92e936507c623bb9b8ed542a7dea94ce7e159355
  languageName: node
  linkType: hard

"base64-js@npm:^1.0.2":
  version: 1.5.1
  resolution: "base64-js@npm:1.5.1"
  checksum: 669632eb3745404c2f822a18fc3a0122d2f9a7a13f7fb8b5823ee19d1d2ff9ee5b52c53367176ea4ad093c332fd5ab4bd0ebae5a8e27917a4105a4cfc86b1005
  languageName: node
  linkType: hard

"buffer@npm:4.9.2":
  version: 4.9.2
  resolution: "buffer@npm:4.9.2"
  dependencies:
    base64-js: ^1.0.2
    ieee754: ^1.1.4
    isarray: ^1.0.0
  checksum: 8801bc1ba08539f3be70eee307a8b9db3d40f6afbfd3cf623ab7ef41dffff1d0a31de0addbe1e66e0ca5f7193eeb667bfb1ecad3647f8f1b0750de07c13295c3
  languageName: node
  linkType: hard

"events@npm:1.1.1":
  version: 1.1.1
  resolution: "events@npm:1.1.1"
  checksum: 40431eb005cc4c57861b93d44c2981a49e7feb99df84cf551baed299ceea4444edf7744733f6a6667e942af687359b1f4a87ec1ec4f21d5127dac48a782039b9
  languageName: node
  linkType: hard

"ieee754@npm:1.1.13":
  version: 1.1.13
  resolution: "ieee754@npm:1.1.13"
  checksum: 102df1ba662e316e6160f7ce29c7c7fa3e04f2014c288336c5a9ff40bbcc2a27d209fa2a81ebfb33f28b1941021343d30e9ad8ee85a2d61f79f5936c35edc33d
  languageName: node
  linkType: hard

"ieee754@npm:^1.1.4":
  version: 1.2.1
  resolution: "ieee754@npm:1.2.1"
  checksum: 5144c0c9815e54ada181d80a0b810221a253562422e7c6c3a60b1901154184f49326ec239d618c416c1c5945a2e197107aee8d986a3dd836b53dffefd99b5e7e
  languageName: node
  linkType: hard

"isarray@npm:^1.0.0":
  version: 1.0.0
  resolution: "isarray@npm:1.0.0"
  checksum: f032df8e02dce8ec565cf2eb605ea939bdccea528dbcf565cdf92bfa2da9110461159d86a537388ef1acef8815a330642d7885b29010e8f7eac967c9993b65ab
  languageName: node
  linkType: hard

"jmespath@npm:0.15.0":
  version: 0.15.0
  resolution: "jmespath@npm:0.15.0"
  checksum: 353bb9e69cc4c1560be0a4df43cb4020abc246e1c60cb5b55dcc76d8c858383f1633faf22ccaf6a5e09568a2077d0f4f1e989e6fcfd496b5cef87964cc8cb9e7
  languageName: node
  linkType: hard

"lambda@workspace:.":
  version: 0.0.0-use.local
  resolution: "lambda@workspace:."
  dependencies:
    aws-sdk: ^2.1028.0
  languageName: unknown
  linkType: soft

"punycode@npm:1.3.2":
  version: 1.3.2
  resolution: "punycode@npm:1.3.2"
  checksum: b8807fd594b1db33335692d1f03e8beeddde6fda7fbb4a2e32925d88d20a3aa4cd8dcc0c109ccaccbd2ba761c208dfaaada83007087ea8bfb0129c9ef1b99ed6
  languageName: node
  linkType: hard

"querystring@npm:0.2.0":
  version: 0.2.0
  resolution: "querystring@npm:0.2.0"
  checksum: 8258d6734f19be27e93f601758858c299bdebe71147909e367101ba459b95446fbe5b975bf9beb76390156a592b6f4ac3a68b6087cea165c259705b8b4e56a69
  languageName: node
  linkType: hard

"sax@npm:1.2.1":
  version: 1.2.1
  resolution: "sax@npm:1.2.1"
  checksum: 8dca7d5e1cd7d612f98ac50bdf0b9f63fbc964b85f0c4e2eb271f8b9b47fd3bf344c4d6a592e69ecf726d1485ca62cd8a52e603bbc332d18a66af25a9a1045ad
  languageName: node
  linkType: hard

"sax@npm:>=0.6.0":
  version: 1.2.4
  resolution: "sax@npm:1.2.4"
  checksum: d3df7d32b897a2c2f28e941f732c71ba90e27c24f62ee918bd4d9a8cfb3553f2f81e5493c7f0be94a11c1911b643a9108f231dd6f60df3fa9586b5d2e3e9e1fe
  languageName: node
  linkType: hard

"url@npm:0.10.3":
  version: 0.10.3
  resolution: "url@npm:0.10.3"
  dependencies:
    punycode: 1.3.2
    querystring: 0.2.0
  checksum: 7b83ddb106c27bf9bde8629ccbe8d26e9db789c8cda5aa7db72ca2c6f9b8a88a5adf206f3e10db78e6e2d042b327c45db34c7010c1bf0d9908936a17a2b57d05
  languageName: node
  linkType: hard

"uuid@npm:3.3.2":
  version: 3.3.2
  resolution: "uuid@npm:3.3.2"
  bin:
    uuid: ./bin/uuid
  checksum: 8793629d2799f500aeea9fcd0aec6c4e9fbcc4d62ed42159ad96be345c3fffac1bbf61a23e18e2782600884fee05e6d4012ce4b70d0037c8e987533ae6a77870
  languageName: node
  linkType: hard

"xml2js@npm:0.4.19":
  version: 0.4.19
  resolution: "xml2js@npm:0.4.19"
  dependencies:
    sax: ">=0.6.0"
    xmlbuilder: ~9.0.1
  checksum: ca8b2fee430d450a18947786bfd7cd1a353ee00fc6fd550acbc8a8e65f1b4df5e9786fcb2990c1a5514ecd554d445fb74e1d716b3a4fcfffc10554aeb5db482b
  languageName: node
  linkType: hard

"xmlbuilder@npm:~9.0.1":
  version: 9.0.7
  resolution: "xmlbuilder@npm:9.0.7"
  checksum: 8193bb323806a002764f013bea0c6e9ff2dc26fd29109408761b16b59a8ad2214c2abe8e691755fd8b525586e3a0e1efeb92335947d7b0899032b779f1705a53
  languageName: node
  linkType: hard
